{
  "requires": true,
  "lockfileVersion": 1,
  "dependencies": {
    "lodash": {
      "version": "4.17.13",
      "resolved": "https://registry.npmjs.org/lodash/-/lodash-4.17.13.tgz",
      "integrity": "sha512-vm3/XWXfWtRua0FkUyEHBZy8kCPjErNBT9fJx8Zvs+U6zjqPbTUOpkaoum3O5uiA8sm+yNMHXfYkTUHFoMxFNA=="
    },
    "ng2-canvas-whiteboard": {
      "version": "3.1.1",
      "resolved": "https://registry.npmjs.org/ng2-canvas-whiteboard/-/ng2-canvas-whiteboard-3.1.1.tgz",
      "integrity": "sha512-Oi71jMtsxK26n1nc6rl8Ws4ht0jCQPyWZsvOhy5aI7P3uhnM6VCAcfzrnJAXY+NTxPEcy7UiNhzPRmqosOiodA==",
      "requires": {
        "lodash": "4.17.13"
      }
    }
  }
}
